
Microsoft Visual Studio Solution File, Format Version 12.00
# Visual Studio 15
VisualStudioVersion = 15.0.28307.960
MinimumVisualStudioVersion = 10.0.40219.1
Project("{FAE04EC0-301F-11D3-BF4B-00C04F79EFBC}") = "Flaggenraten", "LimbergProjekt\Flaggenraten.csproj", "{7555DF74-F5FC-4D3F-999A-1411CE163D97}"
EndProject
Global
	GlobalSection(SolutionConfigurationPlatforms) = preSolution
		Debug|Any CPU = Debug|Any CPU
		Release|Any CPU = Release|Any CPU
	EndGlobalSection
	GlobalSection(ProjectConfigurationPlatforms) = postSolution
		{7555DF74-F5FC-4D3F-999A-1411CE163D97}.Debug|Any CPU.ActiveCfg = Debug|Any CPU
		{7555DF74-F5FC-4D3F-999A-1411CE163D97}.Debug|Any CPU.Build.0 = Debug|Any CPU
		{7555DF74-F5FC-4D3F-999A-1411CE163D97}.Release|Any CPU.ActiveCfg = Release|Any CPU
		{7555DF74-F5FC-4D3F-999A-1411CE163D97}.Release|Any CPU.Build.0 = Release|Any CPU
	EndGlobalSection
	GlobalSection(SolutionProperties) = preSolution
		HideSolutionNode = FALSE
	EndGlobalSection
	GlobalSection(ExtensibilityGlobals) = postSolution
		SolutionGuid = {4F05C391-7F58-420F-A02A-E77C33E44DD7}
	EndGlobalSection
EndGlobal
